// !$*UTF8*$!
{
	archiveVersion = 1;
	classes = {
	};
	objectVersion = 77;
	objects = {

/* Begin PBXBuildFile section */
		501D1E052E623AD8003730BC /* Academix-Mobile-Info.plist in Resources */ = {isa = PBXBuildFile; fileRef = 501D1E042E623AD8003730BC /* Academix-Mobile-Info.plist */; };
/* End PBXBuildFile section */

/* Begin PBXContainerItemProxy section */
		501D1D5B2E621356003730BC /* PBXContainerItemProxy */ = {
			isa = PBXContainerItemProxy;
			containerPortal = 501D1D452E621355003730BC /* Project object */;
			proxyType = 1;
			remoteGlobalIDString = 501D1D4C2E621355003730BC;
			remoteInfo = Academix_Mobile;
		};
		501D1D652E621356003730BC /* PBXContainerItemProxy */ = {
			isa = PBXContainerItemProxy;
			containerPortal = 501D1D452E621355003730BC /* Project object */;
			proxyType = 1;
			remoteGlobalIDString = 501D1D4C2E621355003730BC;
			remoteInfo = Academix_Mobile;
		};
/* End PBXContainerItemProxy section */

/* Begin PBXFileReference section */
		501D1D4D2E621355003730BC /* Academix_Mobile.app */ = {isa = PBXFileReference; explicitFileType = wrapper.application; includeInIndex = 0; path = Academix_Mobile.app; sourceTree = BUILT_PRODUCTS_DIR; };
		501D1D5A2E621356003730BC /* Academix_MobileTests.xctest */ = {isa = PBXFileReference; explicitFileType = wrapper.cfbundle; includeInIndex = 0; path = Academix_MobileTests.xctest; sourceTree = BUILT_PRODUCTS_DIR; };
		501D1D642E621356003730BC /* Academix_MobileUITests.xctest */ = {isa = PBXFileReference; explicitFileType = wrapper.cfbundle; includeInIndex = 0; path = Academix_MobileUITests.xctest; sourceTree = BUILT_PRODUCTS_DIR; };
		501D1E042E623AD8003730BC /* Academix-Mobile-Info.plist */ = {isa = PBXFileReference; lastKnownFileType = text.plist.xml; path = "Academix-Mobile-Info.plist"; sourceTree = "<group>"; };
/* End PBXFileReference section */

/* Begin PBXFileSystemSynchronizedRootGroup section */
		501D1D4F2E621355003730BC /* Academix_Mobile */ = {
			isa = PBXFileSystemSynchronizedRootGroup;
			path = Academix_Mobile;
			sourceTree = "<group>";
		};
		501D1D5D2E621356003730BC /* Academix_MobileTests */ = {
			isa = PBXFileSystemSynchronizedRootGroup;
			path = Academix_MobileTests;
			sourceTree = "<group>";
		};
		501D1D672E621356003730BC /* Academix_MobileUITests */ = {
			isa = PBXFileSystemSynchronizedRootGroup;
			path = Academix_MobileUITests;
			sourceTree = "<group>";
		};
/* End PBXFileSystemSynchronizedRootGroup section */

/* Begin PBXFrameworksBuildPhase section */
		501D1D4A2E621355003730BC /* Frameworks */ = {
			isa = PBXFrameworksBuildPhase;
			buildActionMask = 2147483647;
			files = (
			);
			runOnlyForDeploymentPostprocessing = 0;
		};
		501D1D572E621356003730BC /* Frameworks */ = {
			isa = PBXFrameworksBuildPhase;
			buildActionMask = 2147483647;
			files = (
			);
			runOnlyForDeploymentPostprocessing = 0;
		};
		501D1D612E621356003730BC /* Frameworks */ = {
			isa = PBXFrameworksBuildPhase;
			buildActionMask = 2147483647;
			files = (
			);
			runOnlyForDeploymentPostprocessing = 0;
		};
/* End PBXFrameworksBuildPhase section */

/* Begin PBXGroup section */
		501D1D442E621355003730BC = {
			isa = PBXGroup;
			children = (
				501D1E042E623AD8003730BC /* Academix-Mobile-Info.plist */,
				501D1D4F2E621355003730BC /* Academix_Mobile */,
				501D1D5D2E621356003730BC /* Academix_MobileTests */,
				501D1D672E621356003730BC /* Academix_MobileUITests */,
				501D1D4E2E621355003730BC /* Products */,
			);
			sourceTree = "<group>";
		};
		501D1D4E2E621355003730BC /* Products */ = {
			isa = PBXGroup;
			children = (
				501D1D4D2E621355003730BC /* Academix_Mobile.app */,
				501D1D5A2E621356003730BC /* Academix_MobileTests.xctest */,
				501D1D642E621356003730BC /* Academix_MobileUITests.xctest */,
			);
			name = Products;
			sourceTree = "<group>";
		};
/* End PBXGroup section */

/* Begin PBXNativeTarget section */
		501D1D4C2E621355003730BC /* Academix_Mobile */ = {
			isa = PBXNativeTarget;
			buildConfigurationList = 501D1D6E2E621356003730BC /* Build configuration list for PBXNativeTarget "Academix_Mobile" */;
			buildPhases = (
				501D1D492E621355003730BC /* Sources */,
				501D1D4A2E621355003730BC /* Frameworks */,
				501D1D4B2E621355003730BC /* Resources */,
			);
			buildRules = (
			);
			dependencies = (
			);
			fileSystemSynchronizedGroups = (
				501D1D4F2E621355003730BC /* Academix_Mobile */,
			);
			name = Academix_Mobile;
			packageProductDependencies = (
			);
			productName = Academix_Mobile;
			productReference = 501D1D4D2E621355003730BC /* Academix_Mobile.app */;
			productType = "com.apple.product-type.application";
		};
		501D1D592E621356003730BC /* Academix_MobileTests */ = {
			isa = PBXNativeTarget;
			buildConfigurationList = 501D1D712E621356003730BC /* Build configuration list for PBXNativeTarget "Academix_MobileTests" */;
			buildPhases = (
				501D1D562E621356003730BC /* Sources */,
				501D1D572E621356003730BC /* Frameworks */,
				501D1D582E621356003730BC /* Resources */,
			);
			buildRules = (
			);
			dependencies = (
				501D1D5C2E621356003730BC /* PBXTargetDependency */,
			);
			fileSystemSynchronizedGroups = (
				501D1D5D2E621356003730BC /* Academix_MobileTests */,
			);
			name = Academix_MobileTests;
			packageProductDependencies = (
			);
			productName = Academix_MobileTests;
			productReference = 501D1D5A2E621356003730BC /* Academix_MobileTests.xctest */;
			productType = "com.apple.product-type.bundle.unit-test";
		};
		501D1D632E621356003730BC /* Academix_MobileUITests */ = {
			isa = PBXNativeTarget;
			buildConfigurationList = 501D1D742E621356003730BC /* Build configuration list for PBXNativeTarget "Academix_MobileUITests" */;
			buildPhases = (
				501D1D602E621356003730BC /* Sources */,
				501D1D612E621356003730BC /* Frameworks */,
				501D1D622E621356003730BC /* Resources */,
			);
			buildRules = (
			);
			dependencies = (
				501D1D662E621356003730BC /* PBXTargetDependency */,
			);
			fileSystemSynchronizedGroups = (
				501D1D672E621356003730BC /* Academix_MobileUITests */,
			);
			name = Academix_MobileUITests;
			packageProductDependencies = (
			);
			productName = Academix_MobileUITests;
			productReference = 501D1D642E621356003730BC /* Academix_MobileUITests.xctest */;
			productType = "com.apple.product-type.bundle.ui-testing";
		};
/* End PBXNativeTarget section */

/* Begin PBXProject section */
		501D1D452E621355003730BC /* Project object */ = {
			isa = PBXProject;
			attributes = {
				BuildIndependentTargetsInParallel = 1;
				LastSwiftUpdateCheck = 1640;
				LastUpgradeCheck = 1640;
				TargetAttributes = {
					501D1D4C2E621355003730BC = {
						CreatedOnToolsVersion = 16.4;
					};
					501D1D592E621356003730BC = {
						CreatedOnToolsVersion = 16.4;
						TestTargetID = 501D1D4C2E621355003730BC;
					};
					501D1D632E621356003730BC = {
						CreatedOnToolsVersion = 16.4;
						TestTargetID = 501D1D4C2E621355003730BC;
					};
				};
			};
			buildConfigurationList = 501D1D482E621355003730BC /* Build configuration list for PBXProject "Academix_Mobile" */;
			developmentRegion = en;
			hasScannedForEncodings = 0;
			knownRegions = (
				en,
				Base,
			);
			mainGroup = 501D1D442E621355003730BC;
			minimizedProjectReferenceProxies = 1;
			preferredProjectObjectVersion = 77;
			productRefGroup = 501D1D4E2E621355003730BC /* Products */;
			projectDirPath = "";
			projectRoot = "";
			targets = (
				501D1D4C2E621355003730BC /* Academix_Mobile */,
				501D1D592E621356003730BC /* Academix_MobileTests */,
				501D1D632E621356003730BC /* Academix_MobileUITests */,
			);
		};
/* End PBXProject section */

/* Begin PBXResourcesBuildPhase section */
		501D1D4B2E621355003730BC /* Resources */ = {
			isa = PBXResourcesBuildPhase;
			buildActionMask = 2147483647;
			files = (
				501D1E052E623AD8003730BC /* Academix-Mobile-Info.plist in Resources */,
			);
			runOnlyForDeploymentPostprocessing = 0;
		};
		501D1D582E621356003730BC /* Resources */ = {
			isa = PBXResourcesBuildPhase;
			buildActionMask = 2147483647;
			files = (
			);
			runOnlyForDeploymentPostprocessing = 0;
		};
		501D1D622E621356003730BC /* Resources */ = {
			isa = PBXResourcesBuildPhase;
			buildActionMask = 2147483647;
			files = (
			);
			runOnlyForDeploymentPostprocessing = 0;
		};
/* End PBXResourcesBuildPhase section */

/* Begin PBXSourcesBuildPhase section */
		501D1D492E621355003730BC /* Sources */ = {
			isa = PBXSourcesBuildPhase;
			buildActionMask = 2147483647;
			files = (
			);
			runOnlyForDeploymentPostprocessing = 0;
		};
		501D1D562E621356003730BC /* Sources */ = {
			isa = PBXSourcesBuildPhase;
			buildActionMask = 2147483647;
			files = (
			);
			runOnlyForDeploymentPostprocessing = 0;
		};
		501D1D602E621356003730BC /* Sources */ = {
			isa = PBXSourcesBuildPhase;
			buildActionMask = 2147483647;
			files = (
			);
			runOnlyForDeploymentPostprocessing = 0;
		};
/* End PBXSourcesBuildPhase section */

/* Begin PBXTargetDependency section */
		501D1D5C2E621356003730BC /* PBXTargetDependency */ = {
			isa = PBXTargetDependency;
			target = 501D1D4C2E621355003730BC /* Academix_Mobile */;
			targetProxy = 501D1D5B2E621356003730BC /* PBXContainerItemProxy */;
		};
		501D1D662E621356003730BC /* PBXTargetDependency */ = {
			isa = PBXTargetDependency;
			target = 501D1D4C2E621355003730BC /* Academix_Mobile */;
			targetProxy = 501D1D652E621356003730BC /* PBXContainerItemProxy */;
		};
/* End PBXTargetDependency section */

/* Begin XCBuildConfiguration section */
		501D1D6C2E621356003730BC /* Debug */ = {
			isa = XCBuildConfiguration;
			buildSettings = {
				ALWAYS_SEARCH_USER_PATHS = NO;
				ASSETCATALOG_COMPILER_GENERATE_SWIFT_ASSET_SYMBOL_EXTENSIONS = YES;
				CLANG_ANALYZER_NONNULL = YES;
				CLANG_ANALYZER_NUMBER_OBJECT_CONVERSION = YES_AGGRESSIVE;
				CLANG_CXX_LANGUAGE_STANDARD = "gnu++20";
				CLANG_ENABLE_MODULES = YES;
				CLANG_ENABLE_OBJC_ARC = YES;
				CLANG_ENABLE_OBJC_WEAK = YES;
				CLANG_WARN_BLOCK_CAPTURE_AUTORELEASING = YES;
				CLANG_WARN_BOOL_CONVERSION = YES;
				CLANG_WARN_COMMA = YES;
				CLANG_WARN_CONSTANT_CONVERSION = YES;
				CLANG_WARN_DEPRECATED_OBJC_IMPLEMENTATIONS = YES;
				CLANG_WARN_DIRECT_OBJC_ISA_USAGE = YES_ERROR;
				CLANG_WARN_DOCUMENTATION_COMMENTS = YES;
				CLANG_WARN_EMPTY_BODY = YES;
				CLANG_WARN_ENUM_CONVERSION = YES;
				CLANG_WARN_INFINITE_RECURSION = YES;
				CLANG_WARN_INT_CONVERSION = YES;
				CLANG_WARN_NON_LITERAL_NULL_CONVERSION = YES;
				CLANG_WARN_OBJC_IMPLICIT_RETAIN_SELF = YES;
				CLANG_WARN_OBJC_LITERAL_CONVERSION = YES;
				CLANG_WARN_OBJC_ROOT_CLASS = YES_ERROR;
				CLANG_WARN_QUOTED_INCLUDE_IN_FRAMEWORK_HEADER = YES;
				CLANG_WARN_RANGE_LOOP_ANALYSIS = YES;
				CLANG_WARN_STRICT_PROTOTYPES = YES;
				CLANG_WARN_SUSPICIOUS_MOVE = YES;
				CLANG_WARN_UNGUARDED_AVAILABILITY = YES_AGGRESSIVE;
				CLANG_WARN_UNREACHABLE_CODE = YES;
				CLANG_WARN__DUPLICATE_METHOD_MATCH = YES;
				COPY_PHASE_STRIP = NO;
				DEBUG_INFORMATION_FORMAT = dwarf;
				DEVELOPMENT_TEAM = KD7G9YD6XV;
				ENABLE_STRICT_OBJC_MSGSEND = YES;
				ENABLE_TESTABILITY = YES;
				ENABLE_USER_SCRIPT_SANDBOXING = YES;
				GCC_C_LANGUAGE_STANDARD = gnu17;
				GCC_DYNAMIC_NO_PIC = NO;
				GCC_NO_COMMON_BLOCKS = YES;
				GCC_OPTIMIZATION_LEVEL = 0;
				GCC_PREPROCESSOR_DEFINITIONS = (
					"DEBUG=1",
					"$(inherited)",
				);
				GCC_WARN_64_TO_32_BIT_CONVERSION = YES;
				GCC_WARN_ABOUT_RETURN_TYPE = YES_ERROR;
				GCC_WARN_UNDECLARED_SELECTOR = YES;
				GCC_WARN_UNINITIALIZED_AUTOS = YES_AGGRESSIVE;
				GCC_WARN_UNUSED_FUNCTION = YES;
				GCC_WARN_UNUSED_VARIABLE = YES;
				IPHONEOS_DEPLOYMENT_TARGET = 18.5;
				LOCALIZATION_PREFERS_STRING_CATALOGS = YES;
				MTL_ENABLE_DEBUG_INFO = INCLUDE_SOURCE;
				MTL_FAST_MATH = YES;
				ONLY_ACTIVE_ARCH = YES;
				SDKROOT = iphoneos;
				SWIFT_ACTIVE_COMPILATION_CONDITIONS = "DEBUG $(inherited)";
				SWIFT_OPTIMIZATION_LEVEL = "-Onone";
			};
			name = Debug;
		};
		501D1D6D2E621356003730BC /* Release */ = {
			isa = XCBuildConfiguration;
			buildSettings = {
				ALWAYS_SEARCH_USER_PATHS = NO;
				ASSETCATALOG_COMPILER_GENERATE_SWIFT_ASSET_SYMBOL_EXTENSIONS = YES;
				CLANG_ANALYZER_NONNULL = YES;
				CLANG_ANALYZER_NUMBER_OBJECT_CONVERSION = YES_AGGRESSIVE;
				CLANG_CXX_LANGUAGE_STANDARD = "gnu++20";
				CLANG_ENABLE_MODULES = YES;
				CLANG_ENABLE_OBJC_ARC = YES;
				CLANG_ENABLE_OBJC_WEAK = YES;
				CLANG_WARN_BLOCK_CAPTURE_AUTORELEASING = YES;
				CLANG_WARN_BOOL_CONVERSION = YES;
				CLANG_WARN_COMMA = YES;
				CLANG_WARN_CONSTANT_CONVERSION = YES;
				CLANG_WARN_DEPRECATED_OBJC_IMPLEMENTATIONS = YES;
				CLANG_WARN_DIRECT_OBJC_ISA_USAGE = YES_ERROR;
				CLANG_WARN_DOCUMENTATION_COMMENTS = YES;
				CLANG_WARN_EMPTY_BODY = YES;
				CLANG_WARN_ENUM_CONVERSION = YES;
				CLANG_WARN_INFINITE_RECURSION = YES;
				CLANG_WARN_INT_CONVERSION = YES;
				CLANG_WARN_NON_LITERAL_NULL_CONVERSION = YES;
				CLANG_WARN_OBJC_IMPLICIT_RETAIN_SELF = YES;
				CLANG_WARN_OBJC_LITERAL_CONVERSION = YES;
				CLANG_WARN_OBJC_ROOT_CLASS = YES_ERROR;
				CLANG_WARN_QUOTED_INCLUDE_IN_FRAMEWORK_HEADER = YES;
				CLANG_WARN_RANGE_LOOP_ANALYSIS = YES;
				CLANG_WARN_STRICT_PROTOTYPES = YES;
				CLANG_WARN_SUSPICIOUS_MOVE = YES;
				CLANG_WARN_UNGUARDED_AVAILABILITY = YES_AGGRESSIVE;
				CLANG_WARN_UNREACHABLE_CODE = YES;
				CLANG_WARN__DUPLICATE_METHOD_MATCH = YES;
				COPY_PHASE_STRIP = NO;
				DEBUG_INFORMATION_FORMAT = "dwarf-with-dsym";
				DEVELOPMENT_TEAM = KD7G9YD6XV;
				ENABLE_NS_ASSERTIONS = NO;
				ENABLE_STRICT_OBJC_MSGSEND = YES;
				ENABLE_USER_SCRIPT_SANDBOXING = YES;
				GCC_C_LANGUAGE_STANDARD = gnu17;
				GCC_NO_COMMON_BLOCKS = YES;
				GCC_WARN_64_TO_32_BIT_CONVERSION = YES;
				GCC_WARN_ABOUT_RETURN_TYPE = YES_ERROR;
				GCC_WARN_UNDECLARED_SELECTOR = YES;
				GCC_WARN_UNINITIALIZED_AUTOS = YES_AGGRESSIVE;
				GCC_WARN_UNUSED_FUNCTION = YES;
				GCC_WARN_UNUSED_VARIABLE = YES;
				IPHONEOS_DEPLOYMENT_TARGET = 18.5;
				LOCALIZATION_PREFERS_STRING_CATALOGS = YES;
				MTL_ENABLE_DEBUG_INFO = NO;
				MTL_FAST_MATH = YES;
				SDKROOT = iphoneos;
				SWIFT_COMPILATION_MODE = wholemodule;
				VALIDATE_PRODUCT = YES;
			};
			name = Release;
		};
		501D1D6F2E621356003730BC /* Debug */ = {
			isa = XCBuildConfiguration;
			buildSettings = {
				ASSETCATALOG_COMPILER_APPICON_NAME = AppIcon;
				ASSETCATALOG_COMPILER_GLOBAL_ACCENT_COLOR_NAME = AccentColor;
				CODE_SIGN_STYLE = Automatic;
				CURRENT_PROJECT_VERSION = 1;
				DEVELOPMENT_TEAM = KD7G9YD6XV;
				ENABLE_PREVIEWS = YES;
				GENERATE_INFOPLIST_FILE = YES;
				INFOPLIST_FILE = "Academix-Mobile-Info.plist";
				INFOPLIST_KEY_CFBundleDisplayName = Academix;
				INFOPLIST_KEY_UIApplicationSceneManifest_Generation = YES;
				INFOPLIST_KEY_UIApplicationSupportsIndirectInputEvents = YES;
				INFOPLIST_KEY_UILaunchScreen_Generation = YES;
				INFOPLIST_KEY_UISupportedInterfaceOrientations = UIInterfaceOrientationPortrait;
				INFOPLIST_KEY_UISupportedInterfaceOrientations_iPad = "UIInterfaceOrientationLandscapeLeft UIInterfaceOrientationLandscapeRight UIInterfaceOrientationPortrait UIInterfaceOrientationPortraitUpsideDown";
				LD_RUNPATH_SEARCH_PATHS = (
					"$(inherited)",
					"@executable_path/Frameworks",
				);
				MARKETING_VERSION = 1.0;
				PRODUCT_BUNDLE_IDENTIFIER = "com.swiftly-learn.Academix-Mobile";
				PRODUCT_NAME = "$(TARGET_NAME)";
				SWIFT_EMIT_LOC_STRINGS = YES;
				SWIFT_VERSION = 5.0;
				TARGETED_DEVICE_FAMILY = "1,2";
			};
			name = Debug;
		};
		501D1D702E621356003730BC /* Release */ = {
			isa = XCBuildConfiguration;
			buildSettings = {
				ASSETCATALOG_COMPILER_APPICON_NAME = AppIcon;
				ASSETCATALOG_COMPILER_GLOBAL_ACCENT_COLOR_NAME = AccentColor;
				CODE_SIGN_STYLE = Automatic;
				CURRENT_PROJECT_VERSION = 1;
				DEVELOPMENT_TEAM = KD7G9YD6XV;
				ENABLE_PREVIEWS = YES;
				GENERATE_INFOPLIST_FILE = YES;
				INFOPLIST_FILE = "Academix-Mobile-Info.plist";
				INFOPLIST_KEY_CFBundleDisplayName = Academix;
				INFOPLIST_KEY_UIApplicationSceneManifest_Generation = YES;
				INFOPLIST_KEY_UIApplicationSupportsIndirectInputEvents = YES;
				INFOPLIST_KEY_UILaunchScreen_Generation = YES;
				INFOPLIST_KEY_UISupportedInterfaceOrientations = UIInterfaceOrientationPortrait;
				INFOPLIST_KEY_UISupportedInterfaceOrientations_iPad = "UIInterfaceOrientationLandscapeLeft UIInterfaceOrientationLandscapeRight UIInterfaceOrientationPortrait UIInterfaceOrientationPortraitUpsideDown";
				LD_RUNPATH_SEARCH_PATHS = (
					"$(inherited)",
					"@executable_path/Frameworks",
				);
				MARKETING_VERSION = 1.0;
				PRODUCT_BUNDLE_IDENTIFIER = "com.swiftly-learn.Academix-Mobile";
				PRODUCT_NAME = "$(TARGET_NAME)";
				SWIFT_EMIT_LOC_STRINGS = YES;
				SWIFT_VERSION = 5.0;
				TARGETED_DEVICE_FAMILY = "1,2";
			};
			name = Release;
		};
		501D1D722E621356003730BC /* Debug */ = {
			isa = XCBuildConfiguration;
			buildSettings = {
				BUNDLE_LOADER = "$(TEST_HOST)";
				CODE_SIGN_STYLE = Automatic;
				CURRENT_PROJECT_VERSION = 1;
				DEVELOPMENT_TEAM = KD7G9YD6XV;
				GENERATE_INFOPLIST_FILE = YES;
				IPHONEOS_DEPLOYMENT_TARGET = 18.5;
				MARKETING_VERSION = 1.0;
				PRODUCT_BUNDLE_IDENTIFIER = "com.swiftly-learn.Academix-MobileTests";
				PRODUCT_NAME = "$(TARGET_NAME)";
				SWIFT_EMIT_LOC_STRINGS = NO;
				SWIFT_VERSION = 5.0;
				TARGETED_DEVICE_FAMILY = "1,2";
				TEST_HOST = "$(BUILT_PRODUCTS_DIR)/Academix_Mobile.app/$(BUNDLE_EXECUTABLE_FOLDER_PATH)/Academix_Mobile";
			};
			name = Debug;
		};
		501D1D732E621356003730BC /* Release */ = {
			isa = XCBuildConfiguration;
			buildSettings = {
				BUNDLE_LOADER = "$(TEST_HOST)";
				CODE_SIGN_STYLE = Automatic;
				CURRENT_PROJECT_VERSION = 1;
				DEVELOPMENT_TEAM = KD7G9YD6XV;
				GENERATE_INFOPLIST_FILE = YES;
				IPHONEOS_DEPLOYMENT_TARGET = 18.5;
				MARKETING_VERSION = 1.0;
				PRODUCT_BUNDLE_IDENTIFIER = "com.swiftly-learn.Academix-MobileTests";
				PRODUCT_NAME = "$(TARGET_NAME)";
				SWIFT_EMIT_LOC_STRINGS = NO;
				SWIFT_VERSION = 5.0;
				TARGETED_DEVICE_FAMILY = "1,2";
				TEST_HOST = "$(BUILT_PRODUCTS_DIR)/Academix_Mobile.app/$(BUNDLE_EXECUTABLE_FOLDER_PATH)/Academix_Mobile";
			};
			name = Release;
		};
		501D1D752E621356003730BC /* Debug */ = {
			isa = XCBuildConfiguration;
			buildSettings = {
				CODE_SIGN_STYLE = Automatic;
				CURRENT_PROJECT_VERSION = 1;
				DEVELOPMENT_TEAM = KD7G9YD6XV;
				GENERATE_INFOPLIST_FILE = YES;
				MARKETING_VERSION = 1.0;
				PRODUCT_BUNDLE_IDENTIFIER = "com.swiftly-learn.Academix-MobileUITests";
				PRODUCT_NAME = "$(TARGET_NAME)";
				SWIFT_EMIT_LOC_STRINGS = NO;
				SWIFT_VERSION = 5.0;
				TARGETED_DEVICE_FAMILY = "1,2";
				TEST_TARGET_NAME = Academix_Mobile;
			};
			name = Debug;
		};
		501D1D762E621356003730BC /* Release */ = {
			isa = XCBuildConfiguration;
			buildSettings = {
				CODE_SIGN_STYLE = Automatic;
				CURRENT_PROJECT_VERSION = 1;
				DEVELOPMENT_TEAM = KD7G9YD6XV;
				GENERATE_INFOPLIST_FILE = YES;
				MARKETING_VERSION = 1.0;
				PRODUCT_BUNDLE_IDENTIFIER = "com.swiftly-learn.Academix-MobileUITests";
				PRODUCT_NAME = "$(TARGET_NAME)";
				SWIFT_EMIT_LOC_STRINGS = NO;
				SWIFT_VERSION = 5.0;
				TARGETED_DEVICE_FAMILY = "1,2";
				TEST_TARGET_NAME = Academix_Mobile;
			};
			name = Release;
		};
/* End XCBuildConfiguration section */

/* Begin XCConfigurationList section */
		501D1D482E621355003730BC /* Build configuration list for PBXProject "Academix_Mobile" */ = {
			isa = XCConfigurationList;
			buildConfigurations = (
				501D1D6C2E621356003730BC /* Debug */,
				501D1D6D2E621356003730BC /* Release */,
			);
			defaultConfigurationIsVisible = 0;
			defaultConfigurationName = Release;
		};
		501D1D6E2E621356003730BC /* Build configuration list for PBXNativeTarget "Academix_Mobile" */ = {
			isa = XCConfigurationList;
			buildConfigurations = (
				501D1D6F2E621356003730BC /* Debug */,
				501D1D702E621356003730BC /* Release */,
			);
			defaultConfigurationIsVisible = 0;
			defaultConfigurationName = Release;
		};
		501D1D712E621356003730BC /* Build configuration list for PBXNativeTarget "Academix_MobileTests" */ = {
			isa = XCConfigurationList;
			buildConfigurations = (
				501D1D722E621356003730BC /* Debug */,
				501D1D732E621356003730BC /* Release */,
			);
			defaultConfigurationIsVisible = 0;
			defaultConfigurationName = Release;
		};
		501D1D742E621356003730BC /* Build configuration list for PBXNativeTarget "Academix_MobileUITests" */ = {
			isa = XCConfigurationList;
			buildConfigurations = (
				501D1D752E621356003730BC /* Debug */,
				501D1D762E621356003730BC /* Release */,
			);
			defaultConfigurationIsVisible = 0;
			defaultConfigurationName = Release;
		};
/* End XCConfigurationList section */
	};
	rootObject = 501D1D452E621355003730BC /* Project object */;
}
